
Microsoft Visual Studio Solution File, Format Version 12.00
# Visual Studio Version 16
VisualStudioVersion = 16.0.29230.47
MinimumVisualStudioVersion = 10.0.40219.1
Project("{FAE04EC0-301F-11D3-BF4B-00C04F79EFBC}") = "Website_BanDienThoai_Version1", "Website_BanDienThoai_Version1\Website_BanDienThoai_Version1.csproj", "{1C4F44F6-A063-40EE-BBC8-9D0E93FE5C4A}"
EndProject
Global
	GlobalSection(SolutionConfigurationPlatforms) = preSolution
		Debug|Any CPU = Debug|Any CPU
		Release|Any CPU = Release|Any CPU
	EndGlobalSection
	GlobalSection(ProjectConfigurationPlatforms) = postSolution
		{1C4F44F6-A063-40EE-BBC8-9D0E93FE5C4A}.Debug|Any CPU.ActiveCfg = Debug|Any CPU
		{1C4F44F6-A063-40EE-BBC8-9D0E93FE5C4A}.Debug|Any CPU.Build.0 = Debug|Any CPU
		{1C4F44F6-A063-40EE-BBC8-9D0E93FE5C4A}.Release|Any CPU.ActiveCfg = Release|Any CPU
		{1C4F44F6-A063-40EE-BBC8-9D0E93FE5C4A}.Release|Any CPU.Build.0 = Release|Any CPU
	EndGlobalSection
	GlobalSection(SolutionProperties) = preSolution
		HideSolutionNode = FALSE
	EndGlobalSection
	GlobalSection(ExtensibilityGlobals) = postSolution
		SolutionGuid = {94C17BC8-3898-4B0E-903A-3EE56F01304B}
	EndGlobalSection
EndGlobal
